
Microsoft Visual Studio Solution File, Format Version 12.00
# Visual Studio Version 17
VisualStudioVersion = 17.6.33829.357
MinimumVisualStudioVersion = 10.0.40219.1
Project("{FAE04EC0-301F-11D3-BF4B-00C04F79EFBC}") = "OvetimePolicies", "OvetimePolicies\OvetimePolicies.csproj", "{A7A06B86-C4A9-4985-AAA9-4E391A7DF172}"
EndProject
Project("{FAE04EC0-301F-11D3-BF4B-00C04F79EFBC}") = "03_OvetimePolicies_dlls", "03_OvetimePolicies_dlls\03_OvetimePolicies_dlls.csproj", "{1E39234A-267F-436E-8AB1-A2985730C9C9}"
EndProject
Project("{FAE04EC0-301F-11D3-BF4B-00C04F79EFBC}") = "02_OvetimePolicies_Data", "02_OvetimePolicies_Data\02_OvetimePolicies_Data.csproj", "{CFDEBC81-34D9-4952-ACAD-95D3A645BD3A}"
EndProject
Project("{FAE04EC0-301F-11D3-BF4B-00C04F79EFBC}") = "01_OvetimePolicies_Core", "01_OvetimePolicies_Core\01_OvetimePolicies_Core.csproj", "{4F9438E3-7D21-4EF1-A18B-ACA17489B224}"
EndProject
Global
	GlobalSection(SolutionConfigurationPlatforms) = preSolution
		Debug|Any CPU = Debug|Any CPU
		Release|Any CPU = Release|Any CPU
	EndGlobalSection
	GlobalSection(ProjectConfigurationPlatforms) = postSolution
		{A7A06B86-C4A9-4985-AAA9-4E391A7DF172}.Debug|Any CPU.ActiveCfg = Debug|Any CPU
		{A7A06B86-C4A9-4985-AAA9-4E391A7DF172}.Debug|Any CPU.Build.0 = Debug|Any CPU
		{A7A06B86-C4A9-4985-AAA9-4E391A7DF172}.Release|Any CPU.ActiveCfg = Release|Any CPU
		{A7A06B86-C4A9-4985-AAA9-4E391A7DF172}.Release|Any CPU.Build.0 = Release|Any CPU
		{1E39234A-267F-436E-8AB1-A2985730C9C9}.Debug|Any CPU.ActiveCfg = Debug|Any CPU
		{1E39234A-267F-436E-8AB1-A2985730C9C9}.Debug|Any CPU.Build.0 = Debug|Any CPU
		{1E39234A-267F-436E-8AB1-A2985730C9C9}.Release|Any CPU.ActiveCfg = Release|Any CPU
		{1E39234A-267F-436E-8AB1-A2985730C9C9}.Release|Any CPU.Build.0 = Release|Any CPU
		{CFDEBC81-34D9-4952-ACAD-95D3A645BD3A}.Debug|Any CPU.ActiveCfg = Debug|Any CPU
		{CFDEBC81-34D9-4952-ACAD-95D3A645BD3A}.Debug|Any CPU.Build.0 = Debug|Any CPU
		{CFDEBC81-34D9-4952-ACAD-95D3A645BD3A}.Release|Any CPU.ActiveCfg = Release|Any CPU
		{CFDEBC81-34D9-4952-ACAD-95D3A645BD3A}.Release|Any CPU.Build.0 = Release|Any CPU
		{4F9438E3-7D21-4EF1-A18B-ACA17489B224}.Debug|Any CPU.ActiveCfg = Debug|Any CPU
		{4F9438E3-7D21-4EF1-A18B-ACA17489B224}.Debug|Any CPU.Build.0 = Debug|Any CPU
		{4F9438E3-7D21-4EF1-A18B-ACA17489B224}.Release|Any CPU.ActiveCfg = Release|Any CPU
		{4F9438E3-7D21-4EF1-A18B-ACA17489B224}.Release|Any CPU.Build.0 = Release|Any CPU
	EndGlobalSection
	GlobalSection(SolutionProperties) = preSolution
		HideSolutionNode = FALSE
	EndGlobalSection
	GlobalSection(ExtensibilityGlobals) = postSolution
		SolutionGuid = {A84F0495-4449-47D0-A6CE-424C4B3D5613}
	EndGlobalSection
EndGlobal
